// !$*UTF8*$!
{
	archiveVersion = 1;
	classes = {
	};
	objectVersion = 46;
	objects = {

/* Begin PBXBuildFile section */
		908C5BD51EFA7FF000C12464 /* WSNetworkTool.m in Sources */ = {isa = PBXBuildFile; fileRef = 908C5BD41EFA7FF000C12464 /* WSNetworkTool.m */; };
		90A9D3691EAF2AC000AD531A /* main.m in Sources */ = {isa = PBXBuildFile; fileRef = 90A9D3681EAF2AC000AD531A /* main.m */; };
		90A9D36C1EAF2AC000AD531A /* AppDelegate.m in Sources */ = {isa = PBXBuildFile; fileRef = 90A9D36B1EAF2AC000AD531A /* AppDelegate.m */; };
		90A9D36F1EAF2AC000AD531A /* ViewController.m in Sources */ = {isa = PBXBuildFile; fileRef = 90A9D36E1EAF2AC000AD531A /* ViewController.m */; };
		90A9D3721EAF2AC000AD531A /* Main.storyboard in Resources */ = {isa = PBXBuildFile; fileRef = 90A9D3701EAF2AC000AD531A /* Main.storyboard */; };
		90A9D3741EAF2AC000AD531A /* Assets.xcassets in Resources */ = {isa = PBXBuildFile; fileRef = 90A9D3731EAF2AC000AD531A /* Assets.xcassets */; };
		90A9D3771EAF2AC000AD531A /* LaunchScreen.storyboard in Resources */ = {isa = PBXBuildFile; fileRef = 90A9D3751EAF2AC000AD531A /* LaunchScreen.storyboard */; };
		90A9D3BC1EAF316400AD531A /* NSError+WebServie.m in Sources */ = {isa = PBXBuildFile; fileRef = 90A9D3A51EAF316400AD531A /* NSError+WebServie.m */; };
		90A9D3BD1EAF316400AD531A /* NSString+WebService.m in Sources */ = {isa = PBXBuildFile; fileRef = 90A9D3A71EAF316400AD531A /* NSString+WebService.m */; };
		90A9D3BE1EAF316400AD531A /* WSMultipartFormData.m in Sources */ = {isa = PBXBuildFile; fileRef = 90A9D3A91EAF316400AD531A /* WSMultipartFormData.m */; };
		90A9D3BF1EAF316400AD531A /* WSNetworkConfig.m in Sources */ = {isa = PBXBuildFile; fileRef = 90A9D3AB1EAF316400AD531A /* WSNetworkConfig.m */; };
		90A9D3C01EAF316400AD531A /* WSNetworkMonitor.m in Sources */ = {isa = PBXBuildFile; fileRef = 90A9D3AD1EAF316400AD531A /* WSNetworkMonitor.m */; };
		90A9D3C11EAF316400AD531A /* WSQueryFormat.m in Sources */ = {isa = PBXBuildFile; fileRef = 90A9D3AF1EAF316400AD531A /* WSQueryFormat.m */; };
		90A9D3C21EAF316400AD531A /* WSRequestAgent.m in Sources */ = {isa = PBXBuildFile; fileRef = 90A9D3B11EAF316400AD531A /* WSRequestAgent.m */; };
		90A9D3C41EAF316400AD531A /* WSNetWorkClient.m in Sources */ = {isa = PBXBuildFile; fileRef = 90A9D3B61EAF316400AD531A /* WSNetWorkClient.m */; };
		90A9D3C51EAF316400AD531A /* WSRequestTask.m in Sources */ = {isa = PBXBuildFile; fileRef = 90A9D3BA1EAF316400AD531A /* WSRequestTask.m */; };
		90E7DB8D1EFB5FE8007F9786 /* HMBaseRequestTask.m in Sources */ = {isa = PBXBuildFile; fileRef = 90E7DB8C1EFB5FE8007F9786 /* HMBaseRequestTask.m */; };
		90E7DB901EFB61E3007F9786 /* HMUserInfoRequestTask.m in Sources */ = {isa = PBXBuildFile; fileRef = 90E7DB8F1EFB61E3007F9786 /* HMUserInfoRequestTask.m */; };
		90E7DB931EFB67DD007F9786 /* HMTrainingPopularTopicsRequestTask.m in Sources */ = {isa = PBXBuildFile; fileRef = 90E7DB921EFB67DD007F9786 /* HMTrainingPopularTopicsRequestTask.m */; };
		90E7DB9C1EFBAEAF007F9786 /* HMDownLoadRequestTask.m in Sources */ = {isa = PBXBuildFile; fileRef = 90E7DB9B1EFBAEAF007F9786 /* HMDownLoadRequestTask.m */; };
		ED8F56DCC90FC1CF356FCF6A /* libPods-DDWebServiceDemo.a in Frameworks */ = {isa = PBXBuildFile; fileRef = D7CAA1904910192850496F94 /* libPods-DDWebServiceDemo.a */; };
/* End PBXBuildFile section */

/* Begin PBXFileReference section */
		09795391755D6316AD2B5FD2 /* Pods-DDWebServiceDemo.release.xcconfig */ = {isa = PBXFileReference; includeInIndex = 1; lastKnownFileType = text.xcconfig; name = "Pods-DDWebServiceDemo.release.xcconfig"; path = "Pods/Target Support Files/Pods-DDWebServiceDemo/Pods-DDWebServiceDemo.release.xcconfig"; sourceTree = "<group>"; };
		0F4FA5BA4E117B26FDD8A7E3 /* Pods-DDWebServiceDemo.debug.xcconfig */ = {isa = PBXFileReference; includeInIndex = 1; lastKnownFileType = text.xcconfig; name = "Pods-DDWebServiceDemo.debug.xcconfig"; path = "Pods/Target Support Files/Pods-DDWebServiceDemo/Pods-DDWebServiceDemo.debug.xcconfig"; sourceTree = "<group>"; };
		908C5BD31EFA7FF000C12464 /* WSNetworkTool.h */ = {isa = PBXFileReference; lastKnownFileType = sourcecode.c.h; path = WSNetworkTool.h; sourceTree = "<group>"; };
		908C5BD41EFA7FF000C12464 /* WSNetworkTool.m */ = {isa = PBXFileReference; lastKnownFileType = sourcecode.c.objc; path = WSNetworkTool.m; sourceTree = "<group>"; };
		90A9D3641EAF2AC000AD531A /* DDWebServiceDemo.app */ = {isa = PBXFileReference; explicitFileType = wrapper.application; includeInIndex = 0; path = DDWebServiceDemo.app; sourceTree = BUILT_PRODUCTS_DIR; };
		90A9D3681EAF2AC000AD531A /* main.m */ = {isa = PBXFileReference; lastKnownFileType = sourcecode.c.objc; path = main.m; sourceTree = "<group>"; };
		90A9D36A1EAF2AC000AD531A /* AppDelegate.h */ = {isa = PBXFileReference; lastKnownFileType = sourcecode.c.h; path = AppDelegate.h; sourceTree = "<group>"; };
		90A9D36B1EAF2AC000AD531A /* AppDelegate.m */ = {isa = PBXFileReference; lastKnownFileType = sourcecode.c.objc; path = AppDelegate.m; sourceTree = "<group>"; };
		90A9D36D1EAF2AC000AD531A /* ViewController.h */ = {isa = PBXFileReference; lastKnownFileType = sourcecode.c.h; path = ViewController.h; sourceTree = "<group>"; };
		90A9D36E1EAF2AC000AD531A /* ViewController.m */ = {isa = PBXFileReference; lastKnownFileType = sourcecode.c.objc; path = ViewController.m; sourceTree = "<group>"; };
		90A9D3711EAF2AC000AD531A /* Base */ = {isa = PBXFileReference; lastKnownFileType = file.storyboard; name = Base; path = Base.lproj/Main.storyboard; sourceTree = "<group>"; };
		90A9D3731EAF2AC000AD531A /* Assets.xcassets */ = {isa = PBXFileReference; lastKnownFileType = folder.assetcatalog; path = Assets.xcassets; sourceTree = "<group>"; };
		90A9D3761EAF2AC000AD531A /* Base */ = {isa = PBXFileReference; lastKnownFileType = file.storyboard; name = Base; path = Base.lproj/LaunchScreen.storyboard; sourceTree = "<group>"; };
		90A9D3781EAF2AC000AD531A /* Info.plist */ = {isa = PBXFileReference; lastKnownFileType = text.plist.xml; path = Info.plist; sourceTree = "<group>"; };
		90A9D3A41EAF316400AD531A /* NSError+WebServie.h */ = {isa = PBXFileReference; fileEncoding = 4; lastKnownFileType = sourcecode.c.h; path = "NSError+WebServie.h"; sourceTree = "<group>"; };
		90A9D3A51EAF316400AD531A /* NSError+WebServie.m */ = {isa = PBXFileReference; fileEncoding = 4; lastKnownFileType = sourcecode.c.objc; path = "NSError+WebServie.m"; sourceTree = "<group>"; };
		90A9D3A61EAF316400AD531A /* NSString+WebService.h */ = {isa = PBXFileReference; fileEncoding = 4; lastKnownFileType = sourcecode.c.h; path = "NSString+WebService.h"; sourceTree = "<group>"; };
		90A9D3A71EAF316400AD531A /* NSString+WebService.m */ = {isa = PBXFileReference; fileEncoding = 4; lastKnownFileType = sourcecode.c.objc; path = "NSString+WebService.m"; sourceTree = "<group>"; };
		90A9D3A81EAF316400AD531A /* WSMultipartFormData.h */ = {isa = PBXFileReference; fileEncoding = 4; lastKnownFileType = sourcecode.c.h; path = WSMultipartFormData.h; sourceTree = "<group>"; };
		90A9D3A91EAF316400AD531A /* WSMultipartFormData.m */ = {isa = PBXFileReference; fileEncoding = 4; lastKnownFileType = sourcecode.c.objc; path = WSMultipartFormData.m; sourceTree = "<group>"; };
		90A9D3AA1EAF316400AD531A /* WSNetworkConfig.h */ = {isa = PBXFileReference; fileEncoding = 4; lastKnownFileType = sourcecode.c.h; path = WSNetworkConfig.h; sourceTree = "<group>"; };
		90A9D3AB1EAF316400AD531A /* WSNetworkConfig.m */ = {isa = PBXFileReference; fileEncoding = 4; lastKnownFileType = sourcecode.c.objc; path = WSNetworkConfig.m; sourceTree = "<group>"; };
		90A9D3AC1EAF316400AD531A /* WSNetworkMonitor.h */ = {isa = PBXFileReference; fileEncoding = 4; lastKnownFileType = sourcecode.c.h; path = WSNetworkMonitor.h; sourceTree = "<group>"; };
		90A9D3AD1EAF316400AD531A /* WSNetworkMonitor.m */ = {isa = PBXFileReference; fileEncoding = 4; lastKnownFileType = sourcecode.c.objc; path = WSNetworkMonitor.m; sourceTree = "<group>"; };
		90A9D3AE1EAF316400AD531A /* WSQueryFormat.h */ = {isa = PBXFileReference; fileEncoding = 4; lastKnownFileType = sourcecode.c.h; path = WSQueryFormat.h; sourceTree = "<group>"; };
		90A9D3AF1EAF316400AD531A /* WSQueryFormat.m */ = {isa = PBXFileReference; fileEncoding = 4; lastKnownFileType = sourcecode.c.objc; path = WSQueryFormat.m; sourceTree = "<group>"; };
		90A9D3B01EAF316400AD531A /* WSRequestAgent.h */ = {isa = PBXFileReference; fileEncoding = 4; lastKnownFileType = sourcecode.c.h; path = WSRequestAgent.h; sourceTree = "<group>"; };
		90A9D3B11EAF316400AD531A /* WSRequestAgent.m */ = {isa = PBXFileReference; fileEncoding = 4; lastKnownFileType = sourcecode.c.objc; path = WSRequestAgent.m; sourceTree = "<group>"; };
		90A9D3B51EAF316400AD531A /* WSNetWorkClient.h */ = {isa = PBXFileReference; fileEncoding = 4; lastKnownFileType = sourcecode.c.h; path = WSNetWorkClient.h; sourceTree = "<group>"; };
		90A9D3B61EAF316400AD531A /* WSNetWorkClient.m */ = {isa = PBXFileReference; fileEncoding = 4; lastKnownFileType = sourcecode.c.objc; path = WSNetWorkClient.m; sourceTree = "<group>"; };
		90A9D3B81EAF316400AD531A /* WSRequestCallbackProtocol.h */ = {isa = PBXFileReference; fileEncoding = 4; lastKnownFileType = sourcecode.c.h; path = WSRequestCallbackProtocol.h; sourceTree = "<group>"; };
		90A9D3B91EAF316400AD531A /* WSRequestTask.h */ = {isa = PBXFileReference; fileEncoding = 4; lastKnownFileType = sourcecode.c.h; path = WSRequestTask.h; sourceTree = "<group>"; };
		90A9D3BA1EAF316400AD531A /* WSRequestTask.m */ = {isa = PBXFileReference; fileEncoding = 4; lastKnownFileType = sourcecode.c.objc; path = WSRequestTask.m; sourceTree = "<group>"; };
		90A9D3BB1EAF316400AD531A /* WSTypeDefines.h */ = {isa = PBXFileReference; fileEncoding = 4; lastKnownFileType = sourcecode.c.h; path = WSTypeDefines.h; sourceTree = "<group>"; };
		90E7DB8B1EFB5FE8007F9786 /* HMBaseRequestTask.h */ = {isa = PBXFileReference; lastKnownFileType = sourcecode.c.h; path = HMBaseRequestTask.h; sourceTree = "<group>"; };
		90E7DB8C1EFB5FE8007F9786 /* HMBaseRequestTask.m */ = {isa = PBXFileReference; lastKnownFileType = sourcecode.c.objc; path = HMBaseRequestTask.m; sourceTree = "<group>"; };
		90E7DB8E1EFB61E3007F9786 /* HMUserInfoRequestTask.h */ = {isa = PBXFileReference; lastKnownFileType = sourcecode.c.h; path = HMUserInfoRequestTask.h; sourceTree = "<group>"; };
		90E7DB8F1EFB61E3007F9786 /* HMUserInfoRequestTask.m */ = {isa = PBXFileReference; lastKnownFileType = sourcecode.c.objc; path = HMUserInfoRequestTask.m; sourceTree = "<group>"; };
		90E7DB911EFB67DD007F9786 /* HMTrainingPopularTopicsRequestTask.h */ = {isa = PBXFileReference; lastKnownFileType = sourcecode.c.h; path = HMTrainingPopularTopicsRequestTask.h; sourceTree = "<group>"; };
		90E7DB921EFB67DD007F9786 /* HMTrainingPopularTopicsRequestTask.m */ = {isa = PBXFileReference; lastKnownFileType = sourcecode.c.objc; path = HMTrainingPopularTopicsRequestTask.m; sourceTree = "<group>"; };
		90E7DB9A1EFBAEAF007F9786 /* HMDownLoadRequestTask.h */ = {isa = PBXFileReference; lastKnownFileType = sourcecode.c.h; path = HMDownLoadRequestTask.h; sourceTree = "<group>"; };
		90E7DB9B1EFBAEAF007F9786 /* HMDownLoadRequestTask.m */ = {isa = PBXFileReference; lastKnownFileType = sourcecode.c.objc; path = HMDownLoadRequestTask.m; sourceTree = "<group>"; };
		D7CAA1904910192850496F94 /* libPods-DDWebServiceDemo.a */ = {isa = PBXFileReference; explicitFileType = archive.ar; includeInIndex = 0; path = "libPods-DDWebServiceDemo.a"; sourceTree = BUILT_PRODUCTS_DIR; };
/* End PBXFileReference section */

/* Begin PBXFrameworksBuildPhase section */
		90A9D3611EAF2AC000AD531A /* Frameworks */ = {
			isa = PBXFrameworksBuildPhase;
			buildActionMask = 2147483647;
			files = (
				ED8F56DCC90FC1CF356FCF6A /* libPods-DDWebServiceDemo.a in Frameworks */,
			);
			runOnlyForDeploymentPostprocessing = 0;
		};
/* End PBXFrameworksBuildPhase section */

/* Begin PBXGroup section */
		466310025BAC02D3890B220C /* Pods */ = {
			isa = PBXGroup;
			children = (
				0F4FA5BA4E117B26FDD8A7E3 /* Pods-DDWebServiceDemo.debug.xcconfig */,
				09795391755D6316AD2B5FD2 /* Pods-DDWebServiceDemo.release.xcconfig */,
			);
			name = Pods;
			sourceTree = "<group>";
		};
		90A9D35B1EAF2AC000AD531A = {
			isa = PBXGroup;
			children = (
				90A9D3A21EAF316400AD531A /* DDWebService */,
				90A9D3661EAF2AC000AD531A /* DDWebServiceDemo */,
				90A9D3651EAF2AC000AD531A /* Products */,
				466310025BAC02D3890B220C /* Pods */,
				A98A2D2EBCC582A83B29F135 /* Frameworks */,
			);
			sourceTree = "<group>";
		};
		90A9D3651EAF2AC000AD531A /* Products */ = {
			isa = PBXGroup;
			children = (
				90A9D3641EAF2AC000AD531A /* DDWebServiceDemo.app */,
			);
			name = Products;
			sourceTree = "<group>";
		};
		90A9D3661EAF2AC000AD531A /* DDWebServiceDemo */ = {
			isa = PBXGroup;
			children = (
				90A9D36A1EAF2AC000AD531A /* AppDelegate.h */,
				90A9D36B1EAF2AC000AD531A /* AppDelegate.m */,
				90E7DB8B1EFB5FE8007F9786 /* HMBaseRequestTask.h */,
				90E7DB8C1EFB5FE8007F9786 /* HMBaseRequestTask.m */,
				90E7DB8E1EFB61E3007F9786 /* HMUserInfoRequestTask.h */,
				90E7DB8F1EFB61E3007F9786 /* HMUserInfoRequestTask.m */,
				90E7DB911EFB67DD007F9786 /* HMTrainingPopularTopicsRequestTask.h */,
				90E7DB921EFB67DD007F9786 /* HMTrainingPopularTopicsRequestTask.m */,
				90E7DB9A1EFBAEAF007F9786 /* HMDownLoadRequestTask.h */,
				90E7DB9B1EFBAEAF007F9786 /* HMDownLoadRequestTask.m */,
				90A9D36D1EAF2AC000AD531A /* ViewController.h */,
				90A9D36E1EAF2AC000AD531A /* ViewController.m */,
				90A9D3701EAF2AC000AD531A /* Main.storyboard */,
				90A9D3731EAF2AC000AD531A /* Assets.xcassets */,
				90A9D3751EAF2AC000AD531A /* LaunchScreen.storyboard */,
				90A9D3781EAF2AC000AD531A /* Info.plist */,
				90A9D3671EAF2AC000AD531A /* Supporting Files */,
			);
			path = DDWebServiceDemo;
			sourceTree = "<group>";
		};
		90A9D3671EAF2AC000AD531A /* Supporting Files */ = {
			isa = PBXGroup;
			children = (
				90A9D3681EAF2AC000AD531A /* main.m */,
			);
			name = "Supporting Files";
			sourceTree = "<group>";
		};
		90A9D3A21EAF316400AD531A /* DDWebService */ = {
			isa = PBXGroup;
			children = (
				90A9D3A31EAF316400AD531A /* Auxfun */,
				90A9D3B41EAF316400AD531A /* Client */,
				90A9D3B71EAF316400AD531A /* Task */,
			);
			name = DDWebService;
			path = ../DDWebService;
			sourceTree = "<group>";
		};
		90A9D3A31EAF316400AD531A /* Auxfun */ = {
			isa = PBXGroup;
			children = (
				90A9D3A41EAF316400AD531A /* NSError+WebServie.h */,
				90A9D3A51EAF316400AD531A /* NSError+WebServie.m */,
				90A9D3A61EAF316400AD531A /* NSString+WebService.h */,
				90A9D3A71EAF316400AD531A /* NSString+WebService.m */,
				90A9D3A81EAF316400AD531A /* WSMultipartFormData.h */,
				90A9D3A91EAF316400AD531A /* WSMultipartFormData.m */,
				90A9D3AA1EAF316400AD531A /* WSNetworkConfig.h */,
				90A9D3AB1EAF316400AD531A /* WSNetworkConfig.m */,
				90A9D3AC1EAF316400AD531A /* WSNetworkMonitor.h */,
				90A9D3AD1EAF316400AD531A /* WSNetworkMonitor.m */,
				90A9D3AE1EAF316400AD531A /* WSQueryFormat.h */,
				90A9D3AF1EAF316400AD531A /* WSQueryFormat.m */,
				90A9D3B01EAF316400AD531A /* WSRequestAgent.h */,
				90A9D3B11EAF316400AD531A /* WSRequestAgent.m */,
				908C5BD31EFA7FF000C12464 /* WSNetworkTool.h */,
				908C5BD41EFA7FF000C12464 /* WSNetworkTool.m */,
			);
			path = Auxfun;
			sourceTree = "<group>";
		};
		90A9D3B41EAF316400AD531A /* Client */ = {
			isa = PBXGroup;
			children = (
				90A9D3B51EAF316400AD531A /* WSNetWorkClient.h */,
				90A9D3B61EAF316400AD531A /* WSNetWorkClient.m */,
			);
			path = Client;
			sourceTree = "<group>";
		};
		90A9D3B71EAF316400AD531A /* Task */ = {
			isa = PBXGroup;
			children = (
				90A9D3B81EAF316400AD531A /* WSRequestCallbackProtocol.h */,
				90A9D3B91EAF316400AD531A /* WSRequestTask.h */,
				90A9D3BA1EAF316400AD531A /* WSRequestTask.m */,
				90A9D3BB1EAF316400AD531A /* WSTypeDefines.h */,
			);
			path = Task;
			sourceTree = "<group>";
		};
		A98A2D2EBCC582A83B29F135 /* Frameworks */ = {
			isa = PBXGroup;
			children = (
				D7CAA1904910192850496F94 /* libPods-DDWebServiceDemo.a */,
			);
			name = Frameworks;
			sourceTree = "<group>";
		};
/* End PBXGroup section */

/* Begin PBXNativeTarget section */
		90A9D3631EAF2AC000AD531A /* DDWebServiceDemo */ = {
			isa = PBXNativeTarget;
			buildConfigurationList = 90A9D37B1EAF2AC000AD531A /* Build configuration list for PBXNativeTarget "DDWebServiceDemo" */;
			buildPhases = (
				DEEFC215D7EAE440A088EA97 /* [CP] Check Pods Manifest.lock */,
				90A9D3601EAF2AC000AD531A /* Sources */,
				90A9D3611EAF2AC000AD531A /* Frameworks */,
				90A9D3621EAF2AC000AD531A /* Resources */,
				6FB500B36789793EE3D2D3E0 /* [CP] Embed Pods Frameworks */,
				5B04FECAACB02D01B851646B /* [CP] Copy Pods Resources */,
			);
			buildRules = (
			);
			dependencies = (
			);
			name = DDWebServiceDemo;
			productName = DDWebServiceDemo;
			productReference = 90A9D3641EAF2AC000AD531A /* DDWebServiceDemo.app */;
			productType = "com.apple.product-type.application";
		};
/* End PBXNativeTarget section */

/* Begin PBXProject section */
		90A9D35C1EAF2AC000AD531A /* Project object */ = {
			isa = PBXProject;
			attributes = {
				LastUpgradeCheck = 0830;
				ORGANIZATIONNAME = huami;
				TargetAttributes = {
					90A9D3631EAF2AC000AD531A = {
						CreatedOnToolsVersion = 8.3;
						DevelopmentTeam = BPBCHD64GW;
						ProvisioningStyle = Automatic;
					};
				};
			};
			buildConfigurationList = 90A9D35F1EAF2AC000AD531A /* Build configuration list for PBXProject "DDWebServiceDemo" */;
			compatibilityVersion = "Xcode 3.2";
			developmentRegion = English;
			hasScannedForEncodings = 0;
			knownRegions = (
				en,
				Base,
			);
			mainGroup = 90A9D35B1EAF2AC000AD531A;
			productRefGroup = 90A9D3651EAF2AC000AD531A /* Products */;
			projectDirPath = "";
			projectRoot = "";
			targets = (
				90A9D3631EAF2AC000AD531A /* DDWebServiceDemo */,
			);
		};
/* End PBXProject section */

/* Begin PBXResourcesBuildPhase section */
		90A9D3621EAF2AC000AD531A /* Resources */ = {
			isa = PBXResourcesBuildPhase;
			buildActionMask = 2147483647;
			files = (
				90A9D3771EAF2AC000AD531A /* LaunchScreen.storyboard in Resources */,
				90A9D3741EAF2AC000AD531A /* Assets.xcassets in Resources */,
				90A9D3721EAF2AC000AD531A /* Main.storyboard in Resources */,
			);
			runOnlyForDeploymentPostprocessing = 0;
		};
/* End PBXResourcesBuildPhase section */

/* Begin PBXShellScriptBuildPhase section */
		5B04FECAACB02D01B851646B /* [CP] Copy Pods Resources */ = {
			isa = PBXShellScriptBuildPhase;
			buildActionMask = 2147483647;
			files = (
			);
			inputPaths = (
			);
			name = "[CP] Copy Pods Resources";
			outputPaths = (
			);
			runOnlyForDeploymentPostprocessing = 0;
			shellPath = /bin/sh;
			shellScript = "\"${SRCROOT}/Pods/Target Support Files/Pods-DDWebServiceDemo/Pods-DDWebServiceDemo-resources.sh\"\n";
			showEnvVarsInLog = 0;
		};
		6FB500B36789793EE3D2D3E0 /* [CP] Embed Pods Frameworks */ = {
			isa = PBXShellScriptBuildPhase;
			buildActionMask = 2147483647;
			files = (
			);
			inputPaths = (
			);
			name = "[CP] Embed Pods Frameworks";
			outputPaths = (
			);
			runOnlyForDeploymentPostprocessing = 0;
			shellPath = /bin/sh;
			shellScript = "\"${SRCROOT}/Pods/Target Support Files/Pods-DDWebServiceDemo/Pods-DDWebServiceDemo-frameworks.sh\"\n";
			showEnvVarsInLog = 0;
		};
		DEEFC215D7EAE440A088EA97 /* [CP] Check Pods Manifest.lock */ = {
			isa = PBXShellScriptBuildPhase;
			buildActionMask = 2147483647;
			files = (
			);
			inputPaths = (
			);
			name = "[CP] Check Pods Manifest.lock";
			outputPaths = (
			);
			runOnlyForDeploymentPostprocessing = 0;
			shellPath = /bin/sh;
			shellScript = "diff \"${PODS_PODFILE_DIR_PATH}/Podfile.lock\" \"${PODS_ROOT}/Manifest.lock\" > /dev/null\nif [ $? != 0 ] ; then\n    # print error to STDERR\n    echo \"error: The sandbox is not in sync with the Podfile.lock. Run 'pod install' or update your CocoaPods installation.\" >&2\n    exit 1\nfi\n";
			showEnvVarsInLog = 0;
		};
/* End PBXShellScriptBuildPhase section */

/* Begin PBXSourcesBuildPhase section */
		90A9D3601EAF2AC000AD531A /* Sources */ = {
			isa = PBXSourcesBuildPhase;
			buildActionMask = 2147483647;
			files = (
				90A9D3C11EAF316400AD531A /* WSQueryFormat.m in Sources */,
				90E7DB931EFB67DD007F9786 /* HMTrainingPopularTopicsRequestTask.m in Sources */,
				90A9D3BC1EAF316400AD531A /* NSError+WebServie.m in Sources */,
				90E7DB9C1EFBAEAF007F9786 /* HMDownLoadRequestTask.m in Sources */,
				908C5BD51EFA7FF000C12464 /* WSNetworkTool.m in Sources */,
				90A9D3C01EAF316400AD531A /* WSNetworkMonitor.m in Sources */,
				90E7DB901EFB61E3007F9786 /* HMUserInfoRequestTask.m in Sources */,
				90E7DB8D1EFB5FE8007F9786 /* HMBaseRequestTask.m in Sources */,
				90A9D3BF1EAF316400AD531A /* WSNetworkConfig.m in Sources */,
				90A9D36F1EAF2AC000AD531A /* ViewController.m in Sources */,
				90A9D3BE1EAF316400AD531A /* WSMultipartFormData.m in Sources */,
				90A9D3BD1EAF316400AD531A /* NSString+WebService.m in Sources */,
				90A9D3C41EAF316400AD531A /* WSNetWorkClient.m in Sources */,
				90A9D36C1EAF2AC000AD531A /* AppDelegate.m in Sources */,
				90A9D3691EAF2AC000AD531A /* main.m in Sources */,
				90A9D3C21EAF316400AD531A /* WSRequestAgent.m in Sources */,
				90A9D3C51EAF316400AD531A /* WSRequestTask.m in Sources */,
			);
			runOnlyForDeploymentPostprocessing = 0;
		};
/* End PBXSourcesBuildPhase section */

/* Begin PBXVariantGroup section */
		90A9D3701EAF2AC000AD531A /* Main.storyboard */ = {
			isa = PBXVariantGroup;
			children = (
				90A9D3711EAF2AC000AD531A /* Base */,
			);
			name = Main.storyboard;
			sourceTree = "<group>";
		};
		90A9D3751EAF2AC000AD531A /* LaunchScreen.storyboard */ = {
			isa = PBXVariantGroup;
			children = (
				90A9D3761EAF2AC000AD531A /* Base */,
			);
			name = LaunchScreen.storyboard;
			sourceTree = "<group>";
		};
/* End PBXVariantGroup section */

/* Begin XCBuildConfiguration section */
		90A9D3791EAF2AC000AD531A /* Debug */ = {
			isa = XCBuildConfiguration;
			buildSettings = {
				ALWAYS_SEARCH_USER_PATHS = NO;
				CLANG_ANALYZER_NONNULL = YES;
				CLANG_ANALYZER_NUMBER_OBJECT_CONVERSION = YES_AGGRESSIVE;
				CLANG_CXX_LANGUAGE_STANDARD = "gnu++0x";
				CLANG_CXX_LIBRARY = "libc++";
				CLANG_ENABLE_MODULES = YES;
				CLANG_ENABLE_OBJC_ARC = YES;
				CLANG_WARN_BOOL_CONVERSION = YES;
				CLANG_WARN_CONSTANT_CONVERSION = YES;
				CLANG_WARN_DIRECT_OBJC_ISA_USAGE = YES_ERROR;
				CLANG_WARN_DOCUMENTATION_COMMENTS = YES;
				CLANG_WARN_EMPTY_BODY = YES;
				CLANG_WARN_ENUM_CONVERSION = YES;
				CLANG_WARN_INFINITE_RECURSION = YES;
				CLANG_WARN_INT_CONVERSION = YES;
				CLANG_WARN_OBJC_ROOT_CLASS = YES_ERROR;
				CLANG_WARN_SUSPICIOUS_MOVE = YES;
				CLANG_WARN_UNREACHABLE_CODE = YES;
				CLANG_WARN__DUPLICATE_METHOD_MATCH = YES;
				"CODE_SIGN_IDENTITY[sdk=iphoneos*]" = "iPhone Developer";
				COPY_PHASE_STRIP = NO;
				DEBUG_INFORMATION_FORMAT = dwarf;
				ENABLE_STRICT_OBJC_MSGSEND = YES;
				ENABLE_TESTABILITY = YES;
				GCC_C_LANGUAGE_STANDARD = gnu99;
				GCC_DYNAMIC_NO_PIC = NO;
				GCC_NO_COMMON_BLOCKS = YES;
				GCC_OPTIMIZATION_LEVEL = 0;
				GCC_PREPROCESSOR_DEFINITIONS = (
					"DEBUG=1",
					"$(inherited)",
				);
				GCC_WARN_64_TO_32_BIT_CONVERSION = YES;
				GCC_WARN_ABOUT_RETURN_TYPE = YES_ERROR;
				GCC_WARN_UNDECLARED_SELECTOR = YES;
				GCC_WARN_UNINITIALIZED_AUTOS = YES_AGGRESSIVE;
				GCC_WARN_UNUSED_FUNCTION = YES;
				GCC_WARN_UNUSED_VARIABLE = YES;
				IPHONEOS_DEPLOYMENT_TARGET = 10.3;
				MTL_ENABLE_DEBUG_INFO = YES;
				ONLY_ACTIVE_ARCH = YES;
				SDKROOT = iphoneos;
			};
			name = Debug;
		};
		90A9D37A1EAF2AC000AD531A /* Release */ = {
			isa = XCBuildConfiguration;
			buildSettings = {
				ALWAYS_SEARCH_USER_PATHS = NO;
				CLANG_ANALYZER_NONNULL = YES;
				CLANG_ANALYZER_NUMBER_OBJECT_CONVERSION = YES_AGGRESSIVE;
				CLANG_CXX_LANGUAGE_STANDARD = "gnu++0x";
				CLANG_CXX_LIBRARY = "libc++";
				CLANG_ENABLE_MODULES = YES;
				CLANG_ENABLE_OBJC_ARC = YES;
				CLANG_WARN_BOOL_CONVERSION = YES;
				CLANG_WARN_CONSTANT_CONVERSION = YES;
				CLANG_WARN_DIRECT_OBJC_ISA_USAGE = YES_ERROR;
				CLANG_WARN_DOCUMENTATION_COMMENTS = YES;
				CLANG_WARN_EMPTY_BODY = YES;
				CLANG_WARN_ENUM_CONVERSION = YES;
				CLANG_WARN_INFINITE_RECURSION = YES;
				CLANG_WARN_INT_CONVERSION = YES;
				CLANG_WARN_OBJC_ROOT_CLASS = YES_ERROR;
				CLANG_WARN_SUSPICIOUS_MOVE = YES;
				CLANG_WARN_UNREACHABLE_CODE = YES;
				CLANG_WARN__DUPLICATE_METHOD_MATCH = YES;
				"CODE_SIGN_IDENTITY[sdk=iphoneos*]" = "iPhone Developer";
				COPY_PHASE_STRIP = NO;
				DEBUG_INFORMATION_FORMAT = "dwarf-with-dsym";
				ENABLE_NS_ASSERTIONS = NO;
				ENABLE_STRICT_OBJC_MSGSEND = YES;
				GCC_C_LANGUAGE_STANDARD = gnu99;
				GCC_NO_COMMON_BLOCKS = YES;
				GCC_WARN_64_TO_32_BIT_CONVERSION = YES;
				GCC_WARN_ABOUT_RETURN_TYPE = YES_ERROR;
				GCC_WARN_UNDECLARED_SELECTOR = YES;
				GCC_WARN_UNINITIALIZED_AUTOS = YES_AGGRESSIVE;
				GCC_WARN_UNUSED_FUNCTION = YES;
				GCC_WARN_UNUSED_VARIABLE = YES;
				IPHONEOS_DEPLOYMENT_TARGET = 10.3;
				MTL_ENABLE_DEBUG_INFO = NO;
				SDKROOT = iphoneos;
				VALIDATE_PRODUCT = YES;
			};
			name = Release;
		};
		90A9D37C1EAF2AC000AD531A /* Debug */ = {
			isa = XCBuildConfiguration;
			baseConfigurationReference = 0F4FA5BA4E117B26FDD8A7E3 /* Pods-DDWebServiceDemo.debug.xcconfig */;
			buildSettings = {
				ASSETCATALOG_COMPILER_APPICON_NAME = AppIcon;
				DEVELOPMENT_TEAM = BPBCHD64GW;
				INFOPLIST_FILE = DDWebServiceDemo/Info.plist;
				IPHONEOS_DEPLOYMENT_TARGET = 10.0;
				LD_RUNPATH_SEARCH_PATHS = "$(inherited) @executable_path/Frameworks";
				PRODUCT_BUNDLE_IDENTIFIER = com.huami.DDWebServiceDemo;
				PRODUCT_NAME = "$(TARGET_NAME)";
			};
			name = Debug;
		};
		90A9D37D1EAF2AC000AD531A /* Release */ = {
			isa = XCBuildConfiguration;
			baseConfigurationReference = 09795391755D6316AD2B5FD2 /* Pods-DDWebServiceDemo.release.xcconfig */;
			buildSettings = {
				ASSETCATALOG_COMPILER_APPICON_NAME = AppIcon;
				DEVELOPMENT_TEAM = BPBCHD64GW;
				INFOPLIST_FILE = DDWebServiceDemo/Info.plist;
				IPHONEOS_DEPLOYMENT_TARGET = 10.0;
				LD_RUNPATH_SEARCH_PATHS = "$(inherited) @executable_path/Frameworks";
				PRODUCT_BUNDLE_IDENTIFIER = com.huami.DDWebServiceDemo;
				PRODUCT_NAME = "$(TARGET_NAME)";
			};
			name = Release;
		};
/* End XCBuildConfiguration section */

/* Begin XCConfigurationList section */
		90A9D35F1EAF2AC000AD531A /* Build configuration list for PBXProject "DDWebServiceDemo" */ = {
			isa = XCConfigurationList;
			buildConfigurations = (
				90A9D3791EAF2AC000AD531A /* Debug */,
				90A9D37A1EAF2AC000AD531A /* Release */,
			);
			defaultConfigurationIsVisible = 0;
			defaultConfigurationName = Release;
		};
		90A9D37B1EAF2AC000AD531A /* Build configuration list for PBXNativeTarget "DDWebServiceDemo" */ = {
			isa = XCConfigurationList;
			buildConfigurations = (
				90A9D37C1EAF2AC000AD531A /* Debug */,
				90A9D37D1EAF2AC000AD531A /* Release */,
			);
			defaultConfigurationIsVisible = 0;
			defaultConfigurationName = Release;
		};
/* End XCConfigurationList section */
	};
	rootObject = 90A9D35C1EAF2AC000AD531A /* Project object */;
}
